// !$*UTF8*$!
{
	archiveVersion = 1;
	classes = {
	};
	objectVersion = 55;
	objects = {

/* Begin PBXBuildFile section */
		E5109E83273B675800CB57D5 /* AppDelegate.swift in Sources */ = {isa = PBXBuildFile; fileRef = E5109E82273B675800CB57D5 /* AppDelegate.swift */; };
		E5109E85273B675800CB57D5 /* SceneDelegate.swift in Sources */ = {isa = PBXBuildFile; fileRef = E5109E84273B675800CB57D5 /* SceneDelegate.swift */; };
		E5109E87273B675800CB57D5 /* LoginViewController.swift in Sources */ = {isa = PBXBuildFile; fileRef = E5109E86273B675800CB57D5 /* LoginViewController.swift */; };
		E5109E8A273B675800CB57D5 /* Main.storyboard in Resources */ = {isa = PBXBuildFile; fileRef = E5109E88273B675800CB57D5 /* Main.storyboard */; };
		E5109E8C273B675800CB57D5 /* Assets.xcassets in Resources */ = {isa = PBXBuildFile; fileRef = E5109E8B273B675800CB57D5 /* Assets.xcassets */; };
		E5109E8F273B675800CB57D5 /* LaunchScreen.storyboard in Resources */ = {isa = PBXBuildFile; fileRef = E5109E8D273B675800CB57D5 /* LaunchScreen.storyboard */; };
		E51A86A6275A2943009C676D /* UdacityClientStudentLocationResponse.swift in Sources */ = {isa = PBXBuildFile; fileRef = E51A86A5275A2943009C676D /* UdacityClientStudentLocationResponse.swift */; };
		E52C5A082759BAB200BEE60A /* MapViewController.swift in Sources */ = {isa = PBXBuildFile; fileRef = E52C5A072759BAB200BEE60A /* MapViewController.swift */; };
		E52C5A0A2759C24200BEE60A /* UdacityClientLogoutResponse.swift in Sources */ = {isa = PBXBuildFile; fileRef = E52C5A092759C24200BEE60A /* UdacityClientLogoutResponse.swift */; };
		E539DED0275B59FD00C5B268 /* TableViewController.swift in Sources */ = {isa = PBXBuildFile; fileRef = E539DECF275B59FD00C5B268 /* TableViewController.swift */; };
		E539DED4275B5C4000C5B268 /* NavBarLogicController.swift in Sources */ = {isa = PBXBuildFile; fileRef = E539DED3275B5C4000C5B268 /* NavBarLogicController.swift */; };
		E539DED8275B6BA700C5B268 /* TableCellView.swift in Sources */ = {isa = PBXBuildFile; fileRef = E539DED7275B6BA700C5B268 /* TableCellView.swift */; };
		E539DEDA275B729600C5B268 /* UIViewController+ErrorAlert.swift in Sources */ = {isa = PBXBuildFile; fileRef = E539DED9275B729600C5B268 /* UIViewController+ErrorAlert.swift */; };
		E539DEDC275B72E100C5B268 /* UIViewController+Animation.swift in Sources */ = {isa = PBXBuildFile; fileRef = E539DEDB275B72E100C5B268 /* UIViewController+Animation.swift */; };
		E53C565E273BB4A20077B63E /* UdacityClient.swift in Sources */ = {isa = PBXBuildFile; fileRef = E53C565D273BB4A20077B63E /* UdacityClient.swift */; };
		E53C5664273BC0CE0077B63E /* UdacityClientLoginRequest.swift in Sources */ = {isa = PBXBuildFile; fileRef = E53C5663273BC0CE0077B63E /* UdacityClientLoginRequest.swift */; };
		E53C5666273BC0DC0077B63E /* UdacityClientLoginResponse.swift in Sources */ = {isa = PBXBuildFile; fileRef = E53C5665273BC0DC0077B63E /* UdacityClientLoginResponse.swift */; };
		E53C5668273BCC510077B63E /* UdacityClientErrorResponse.swift in Sources */ = {isa = PBXBuildFile; fileRef = E53C5667273BCC510077B63E /* UdacityClientErrorResponse.swift */; };
		E58774AC273E0360007251EC /* LoginTextField.swift in Sources */ = {isa = PBXBuildFile; fileRef = E58774AB273E0360007251EC /* LoginTextField.swift */; };
		E58774AE273E0BDD007251EC /* UIViewController+StoryboardPreview.swift in Sources */ = {isa = PBXBuildFile; fileRef = E58774AD273E0BDD007251EC /* UIViewController+StoryboardPreview.swift */; };
		E58774B6273E4EED007251EC /* LoginSignupTextView.swift in Sources */ = {isa = PBXBuildFile; fileRef = E58774B5273E4EED007251EC /* LoginSignupTextView.swift */; };
		E5D399E0275DB48B00EE8817 /* StudentInformation.swift in Sources */ = {isa = PBXBuildFile; fileRef = E5D399DF275DB48B00EE8817 /* StudentInformation.swift */; };
		E5D399E2275DC0C400EE8817 /* InfoPostingViewController.swift in Sources */ = {isa = PBXBuildFile; fileRef = E5D399E1275DC0C400EE8817 /* InfoPostingViewController.swift */; };
		E5D399E4275DC4B100EE8817 /* InputLogicController.swift in Sources */ = {isa = PBXBuildFile; fileRef = E5D399E3275DC4B100EE8817 /* InputLogicController.swift */; };
/* End PBXBuildFile section */

/* Begin PBXFileReference section */
		E5109E7F273B675800CB57D5 /* OnTheMap.app */ = {isa = PBXFileReference; explicitFileType = wrapper.application; includeInIndex = 0; path = OnTheMap.app; sourceTree = BUILT_PRODUCTS_DIR; };
		E5109E82273B675800CB57D5 /* AppDelegate.swift */ = {isa = PBXFileReference; lastKnownFileType = sourcecode.swift; path = AppDelegate.swift; sourceTree = "<group>"; };
		E5109E84273B675800CB57D5 /* SceneDelegate.swift */ = {isa = PBXFileReference; lastKnownFileType = sourcecode.swift; path = SceneDelegate.swift; sourceTree = "<group>"; };
		E5109E86273B675800CB57D5 /* LoginViewController.swift */ = {isa = PBXFileReference; lastKnownFileType = sourcecode.swift; path = LoginViewController.swift; sourceTree = "<group>"; };
		E5109E89273B675800CB57D5 /* Base */ = {isa = PBXFileReference; lastKnownFileType = file.storyboard; name = Base; path = Base.lproj/Main.storyboard; sourceTree = "<group>"; };
		E5109E8B273B675800CB57D5 /* Assets.xcassets */ = {isa = PBXFileReference; lastKnownFileType = folder.assetcatalog; path = Assets.xcassets; sourceTree = "<group>"; };
		E5109E8E273B675800CB57D5 /* Base */ = {isa = PBXFileReference; lastKnownFileType = file.storyboard; name = Base; path = Base.lproj/LaunchScreen.storyboard; sourceTree = "<group>"; };
		E5109E90273B675800CB57D5 /* Info.plist */ = {isa = PBXFileReference; lastKnownFileType = text.plist.xml; path = Info.plist; sourceTree = "<group>"; };
		E51A86A5275A2943009C676D /* UdacityClientStudentLocationResponse.swift */ = {isa = PBXFileReference; lastKnownFileType = sourcecode.swift; path = UdacityClientStudentLocationResponse.swift; sourceTree = "<group>"; };
		E52C5A072759BAB200BEE60A /* MapViewController.swift */ = {isa = PBXFileReference; lastKnownFileType = sourcecode.swift; path = MapViewController.swift; sourceTree = "<group>"; };
		E52C5A092759C24200BEE60A /* UdacityClientLogoutResponse.swift */ = {isa = PBXFileReference; lastKnownFileType = sourcecode.swift; path = UdacityClientLogoutResponse.swift; sourceTree = "<group>"; };
		E539DECF275B59FD00C5B268 /* TableViewController.swift */ = {isa = PBXFileReference; lastKnownFileType = sourcecode.swift; path = TableViewController.swift; sourceTree = "<group>"; };
		E539DED3275B5C4000C5B268 /* NavBarLogicController.swift */ = {isa = PBXFileReference; lastKnownFileType = sourcecode.swift; path = NavBarLogicController.swift; sourceTree = "<group>"; };
		E539DED7275B6BA700C5B268 /* TableCellView.swift */ = {isa = PBXFileReference; lastKnownFileType = sourcecode.swift; path = TableCellView.swift; sourceTree = "<group>"; };
		E539DED9275B729600C5B268 /* UIViewController+ErrorAlert.swift */ = {isa = PBXFileReference; lastKnownFileType = sourcecode.swift; path = "UIViewController+ErrorAlert.swift"; sourceTree = "<group>"; };
		E539DEDB275B72E100C5B268 /* UIViewController+Animation.swift */ = {isa = PBXFileReference; lastKnownFileType = sourcecode.swift; path = "UIViewController+Animation.swift"; sourceTree = "<group>"; };
		E53C565D273BB4A20077B63E /* UdacityClient.swift */ = {isa = PBXFileReference; lastKnownFileType = sourcecode.swift; path = UdacityClient.swift; sourceTree = "<group>"; };
		E53C5663273BC0CE0077B63E /* UdacityClientLoginRequest.swift */ = {isa = PBXFileReference; lastKnownFileType = sourcecode.swift; path = UdacityClientLoginRequest.swift; sourceTree = "<group>"; };
		E53C5665273BC0DC0077B63E /* UdacityClientLoginResponse.swift */ = {isa = PBXFileReference; lastKnownFileType = sourcecode.swift; path = UdacityClientLoginResponse.swift; sourceTree = "<group>"; };
		E53C5667273BCC510077B63E /* UdacityClientErrorResponse.swift */ = {isa = PBXFileReference; lastKnownFileType = sourcecode.swift; path = UdacityClientErrorResponse.swift; sourceTree = "<group>"; };
		E58774AB273E0360007251EC /* LoginTextField.swift */ = {isa = PBXFileReference; lastKnownFileType = sourcecode.swift; path = LoginTextField.swift; sourceTree = "<group>"; };
		E58774AD273E0BDD007251EC /* UIViewController+StoryboardPreview.swift */ = {isa = PBXFileReference; lastKnownFileType = sourcecode.swift; path = "UIViewController+StoryboardPreview.swift"; sourceTree = "<group>"; };
		E58774B5273E4EED007251EC /* LoginSignupTextView.swift */ = {isa = PBXFileReference; lastKnownFileType = sourcecode.swift; path = LoginSignupTextView.swift; sourceTree = "<group>"; };
		E5D399DF275DB48B00EE8817 /* StudentInformation.swift */ = {isa = PBXFileReference; lastKnownFileType = sourcecode.swift; path = StudentInformation.swift; sourceTree = "<group>"; };
		E5D399E1275DC0C400EE8817 /* InfoPostingViewController.swift */ = {isa = PBXFileReference; lastKnownFileType = sourcecode.swift; path = InfoPostingViewController.swift; sourceTree = "<group>"; };
		E5D399E3275DC4B100EE8817 /* InputLogicController.swift */ = {isa = PBXFileReference; lastKnownFileType = sourcecode.swift; path = InputLogicController.swift; sourceTree = "<group>"; };
/* End PBXFileReference section */

/* Begin PBXFrameworksBuildPhase section */
		E5109E7C273B675800CB57D5 /* Frameworks */ = {
			isa = PBXFrameworksBuildPhase;
			buildActionMask = 2147483647;
			files = (
			);
			runOnlyForDeploymentPostprocessing = 0;
		};
/* End PBXFrameworksBuildPhase section */

/* Begin PBXGroup section */
		E5109E76273B675800CB57D5 = {
			isa = PBXGroup;
			children = (
				E5109E81273B675800CB57D5 /* OnTheMap */,
				E5109E80273B675800CB57D5 /* Products */,
			);
			sourceTree = "<group>";
		};
		E5109E80273B675800CB57D5 /* Products */ = {
			isa = PBXGroup;
			children = (
				E5109E7F273B675800CB57D5 /* OnTheMap.app */,
			);
			name = Products;
			sourceTree = "<group>";
		};
		E5109E81273B675800CB57D5 /* OnTheMap */ = {
			isa = PBXGroup;
			children = (
				E5109E82273B675800CB57D5 /* AppDelegate.swift */,
				E5109E84273B675800CB57D5 /* SceneDelegate.swift */,
				E53C565B273BB3B00077B63E /* View */,
				E53C565A273BB3AA0077B63E /* Model */,
				E53C5659273BB3940077B63E /* Controller */,
				E58774B0273E100A007251EC /* Extension */,
				E5109E88273B675800CB57D5 /* Main.storyboard */,
				E5109E8D273B675800CB57D5 /* LaunchScreen.storyboard */,
				E5109E8B273B675800CB57D5 /* Assets.xcassets */,
				E5109E90273B675800CB57D5 /* Info.plist */,
			);
			path = OnTheMap;
			sourceTree = "<group>";
		};
		E53C5659273BB3940077B63E /* Controller */ = {
			isa = PBXGroup;
			children = (
				E5109E86273B675800CB57D5 /* LoginViewController.swift */,
				E52C5A072759BAB200BEE60A /* MapViewController.swift */,
				E539DECF275B59FD00C5B268 /* TableViewController.swift */,
				E5D399E1275DC0C400EE8817 /* InfoPostingViewController.swift */,
				E539DED3275B5C4000C5B268 /* NavBarLogicController.swift */,
				E5D399E3275DC4B100EE8817 /* InputLogicController.swift */,
			);
			path = Controller;
			sourceTree = "<group>";
		};
		E53C565A273BB3AA0077B63E /* Model */ = {
			isa = PBXGroup;
			children = (
				E53C5662273BC06C0077B63E /* UdacityClient */,
				E5D399DF275DB48B00EE8817 /* StudentInformation.swift */,
			);
			path = Model;
			sourceTree = "<group>";
		};
		E53C565B273BB3B00077B63E /* View */ = {
			isa = PBXGroup;
			children = (
				E58774AB273E0360007251EC /* LoginTextField.swift */,
				E58774B5273E4EED007251EC /* LoginSignupTextView.swift */,
				E539DED7275B6BA700C5B268 /* TableCellView.swift */,
			);
			path = View;
			sourceTree = "<group>";
		};
		E53C5662273BC06C0077B63E /* UdacityClient */ = {
			isa = PBXGroup;
			children = (
				E53C565D273BB4A20077B63E /* UdacityClient.swift */,
				E53C5663273BC0CE0077B63E /* UdacityClientLoginRequest.swift */,
				E53C5665273BC0DC0077B63E /* UdacityClientLoginResponse.swift */,
				E53C5667273BCC510077B63E /* UdacityClientErrorResponse.swift */,
				E52C5A092759C24200BEE60A /* UdacityClientLogoutResponse.swift */,
				E51A86A5275A2943009C676D /* UdacityClientStudentLocationResponse.swift */,
			);
			path = UdacityClient;
			sourceTree = "<group>";
		};
		E58774B0273E100A007251EC /* Extension */ = {
			isa = PBXGroup;
			children = (
				E58774AD273E0BDD007251EC /* UIViewController+StoryboardPreview.swift */,
				E539DED9275B729600C5B268 /* UIViewController+ErrorAlert.swift */,
				E539DEDB275B72E100C5B268 /* UIViewController+Animation.swift */,
			);
			path = Extension;
			sourceTree = "<group>";
		};
/* End PBXGroup section */

/* Begin PBXNativeTarget section */
		E5109E7E273B675800CB57D5 /* OnTheMap */ = {
			isa = PBXNativeTarget;
			buildConfigurationList = E5109E93273B675800CB57D5 /* Build configuration list for PBXNativeTarget "OnTheMap" */;
			buildPhases = (
				E5109E7B273B675800CB57D5 /* Sources */,
				E5109E7C273B675800CB57D5 /* Frameworks */,
				E5109E7D273B675800CB57D5 /* Resources */,
			);
			buildRules = (
			);
			dependencies = (
			);
			name = OnTheMap;
			productName = OnTheMap;
			productReference = E5109E7F273B675800CB57D5 /* OnTheMap.app */;
			productType = "com.apple.product-type.application";
		};
/* End PBXNativeTarget section */

/* Begin PBXProject section */
		E5109E77273B675800CB57D5 /* Project object */ = {
			isa = PBXProject;
			attributes = {
				BuildIndependentTargetsInParallel = 1;
				LastSwiftUpdateCheck = 1310;
				LastUpgradeCheck = 1310;
				TargetAttributes = {
					E5109E7E273B675800CB57D5 = {
						CreatedOnToolsVersion = 13.1;
					};
				};
			};
			buildConfigurationList = E5109E7A273B675800CB57D5 /* Build configuration list for PBXProject "OnTheMap" */;
			compatibilityVersion = "Xcode 13.0";
			developmentRegion = en;
			hasScannedForEncodings = 0;
			knownRegions = (
				en,
				Base,
			);
			mainGroup = E5109E76273B675800CB57D5;
			productRefGroup = E5109E80273B675800CB57D5 /* Products */;
			projectDirPath = "";
			projectRoot = "";
			targets = (
				E5109E7E273B675800CB57D5 /* OnTheMap */,
			);
		};
/* End PBXProject section */

/* Begin PBXResourcesBuildPhase section */
		E5109E7D273B675800CB57D5 /* Resources */ = {
			isa = PBXResourcesBuildPhase;
			buildActionMask = 2147483647;
			files = (
				E5109E8F273B675800CB57D5 /* LaunchScreen.storyboard in Resources */,
				E5109E8C273B675800CB57D5 /* Assets.xcassets in Resources */,
				E5109E8A273B675800CB57D5 /* Main.storyboard in Resources */,
			);
			runOnlyForDeploymentPostprocessing = 0;
		};
/* End PBXResourcesBuildPhase section */

/* Begin PBXSourcesBuildPhase section */
		E5109E7B273B675800CB57D5 /* Sources */ = {
			isa = PBXSourcesBuildPhase;
			buildActionMask = 2147483647;
			files = (
				E539DEDA275B729600C5B268 /* UIViewController+ErrorAlert.swift in Sources */,
				E58774AC273E0360007251EC /* LoginTextField.swift in Sources */,
				E539DED0275B59FD00C5B268 /* TableViewController.swift in Sources */,
				E5109E87273B675800CB57D5 /* LoginViewController.swift in Sources */,
				E539DED4275B5C4000C5B268 /* NavBarLogicController.swift in Sources */,
				E539DEDC275B72E100C5B268 /* UIViewController+Animation.swift in Sources */,
				E52C5A0A2759C24200BEE60A /* UdacityClientLogoutResponse.swift in Sources */,
				E5D399E0275DB48B00EE8817 /* StudentInformation.swift in Sources */,
				E53C565E273BB4A20077B63E /* UdacityClient.swift in Sources */,
				E5109E83273B675800CB57D5 /* AppDelegate.swift in Sources */,
				E51A86A6275A2943009C676D /* UdacityClientStudentLocationResponse.swift in Sources */,
				E53C5664273BC0CE0077B63E /* UdacityClientLoginRequest.swift in Sources */,
				E53C5668273BCC510077B63E /* UdacityClientErrorResponse.swift in Sources */,
				E53C5666273BC0DC0077B63E /* UdacityClientLoginResponse.swift in Sources */,
				E5D399E2275DC0C400EE8817 /* InfoPostingViewController.swift in Sources */,
				E5D399E4275DC4B100EE8817 /* InputLogicController.swift in Sources */,
				E52C5A082759BAB200BEE60A /* MapViewController.swift in Sources */,
				E58774AE273E0BDD007251EC /* UIViewController+StoryboardPreview.swift in Sources */,
				E539DED8275B6BA700C5B268 /* TableCellView.swift in Sources */,
				E5109E85273B675800CB57D5 /* SceneDelegate.swift in Sources */,
				E58774B6273E4EED007251EC /* LoginSignupTextView.swift in Sources */,
			);
			runOnlyForDeploymentPostprocessing = 0;
		};
/* End PBXSourcesBuildPhase section */

/* Begin PBXVariantGroup section */
		E5109E88273B675800CB57D5 /* Main.storyboard */ = {
			isa = PBXVariantGroup;
			children = (
				E5109E89273B675800CB57D5 /* Base */,
			);
			name = Main.storyboard;
			sourceTree = "<group>";
		};
		E5109E8D273B675800CB57D5 /* LaunchScreen.storyboard */ = {
			isa = PBXVariantGroup;
			children = (
				E5109E8E273B675800CB57D5 /* Base */,
			);
			name = LaunchScreen.storyboard;
			sourceTree = "<group>";
		};
/* End PBXVariantGroup section */

/* Begin XCBuildConfiguration section */
		E5109E91273B675800CB57D5 /* Debug */ = {
			isa = XCBuildConfiguration;
			buildSettings = {
				ALWAYS_SEARCH_USER_PATHS = NO;
				CLANG_ANALYZER_NONNULL = YES;
				CLANG_ANALYZER_NUMBER_OBJECT_CONVERSION = YES_AGGRESSIVE;
				CLANG_CXX_LANGUAGE_STANDARD = "gnu++17";
				CLANG_CXX_LIBRARY = "libc++";
				CLANG_ENABLE_MODULES = YES;
				CLANG_ENABLE_OBJC_ARC = YES;
				CLANG_ENABLE_OBJC_WEAK = YES;
				CLANG_WARN_BLOCK_CAPTURE_AUTORELEASING = YES;
				CLANG_WARN_BOOL_CONVERSION = YES;
				CLANG_WARN_COMMA = YES;
				CLANG_WARN_CONSTANT_CONVERSION = YES;
				CLANG_WARN_DEPRECATED_OBJC_IMPLEMENTATIONS = YES;
				CLANG_WARN_DIRECT_OBJC_ISA_USAGE = YES_ERROR;
				CLANG_WARN_DOCUMENTATION_COMMENTS = YES;
				CLANG_WARN_EMPTY_BODY = YES;
				CLANG_WARN_ENUM_CONVERSION = YES;
				CLANG_WARN_INFINITE_RECURSION = YES;
				CLANG_WARN_INT_CONVERSION = YES;
				CLANG_WARN_NON_LITERAL_NULL_CONVERSION = YES;
				CLANG_WARN_OBJC_IMPLICIT_RETAIN_SELF = YES;
				CLANG_WARN_OBJC_LITERAL_CONVERSION = YES;
				CLANG_WARN_OBJC_ROOT_CLASS = YES_ERROR;
				CLANG_WARN_QUOTED_INCLUDE_IN_FRAMEWORK_HEADER = YES;
				CLANG_WARN_RANGE_LOOP_ANALYSIS = YES;
				CLANG_WARN_STRICT_PROTOTYPES = YES;
				CLANG_WARN_SUSPICIOUS_MOVE = YES;
				CLANG_WARN_UNGUARDED_AVAILABILITY = YES_AGGRESSIVE;
				CLANG_WARN_UNREACHABLE_CODE = YES;
				CLANG_WARN__DUPLICATE_METHOD_MATCH = YES;
				COPY_PHASE_STRIP = NO;
				DEBUG_INFORMATION_FORMAT = dwarf;
				ENABLE_STRICT_OBJC_MSGSEND = YES;
				ENABLE_TESTABILITY = YES;
				GCC_C_LANGUAGE_STANDARD = gnu11;
				GCC_DYNAMIC_NO_PIC = NO;
				GCC_NO_COMMON_BLOCKS = YES;
				GCC_OPTIMIZATION_LEVEL = 0;
				GCC_PREPROCESSOR_DEFINITIONS = (
					"DEBUG=1",
					"$(inherited)",
				);
				GCC_WARN_64_TO_32_BIT_CONVERSION = YES;
				GCC_WARN_ABOUT_RETURN_TYPE = YES_ERROR;
				GCC_WARN_UNDECLARED_SELECTOR = YES;
				GCC_WARN_UNINITIALIZED_AUTOS = YES_AGGRESSIVE;
				GCC_WARN_UNUSED_FUNCTION = YES;
				GCC_WARN_UNUSED_VARIABLE = YES;
				IPHONEOS_DEPLOYMENT_TARGET = 15.0;
				MTL_ENABLE_DEBUG_INFO = INCLUDE_SOURCE;
				MTL_FAST_MATH = YES;
				ONLY_ACTIVE_ARCH = YES;
				SDKROOT = iphoneos;
				SWIFT_ACTIVE_COMPILATION_CONDITIONS = DEBUG;
				SWIFT_OPTIMIZATION_LEVEL = "-Onone";
			};
			name = Debug;
		};
		E5109E92273B675800CB57D5 /* Release */ = {
			isa = XCBuildConfiguration;
			buildSettings = {
				ALWAYS_SEARCH_USER_PATHS = NO;
				CLANG_ANALYZER_NONNULL = YES;
				CLANG_ANALYZER_NUMBER_OBJECT_CONVERSION = YES_AGGRESSIVE;
				CLANG_CXX_LANGUAGE_STANDARD = "gnu++17";
				CLANG_CXX_LIBRARY = "libc++";
				CLANG_ENABLE_MODULES = YES;
				CLANG_ENABLE_OBJC_ARC = YES;
				CLANG_ENABLE_OBJC_WEAK = YES;
				CLANG_WARN_BLOCK_CAPTURE_AUTORELEASING = YES;
				CLANG_WARN_BOOL_CONVERSION = YES;
				CLANG_WARN_COMMA = YES;
				CLANG_WARN_CONSTANT_CONVERSION = YES;
				CLANG_WARN_DEPRECATED_OBJC_IMPLEMENTATIONS = YES;
				CLANG_WARN_DIRECT_OBJC_ISA_USAGE = YES_ERROR;
				CLANG_WARN_DOCUMENTATION_COMMENTS = YES;
				CLANG_WARN_EMPTY_BODY = YES;
				CLANG_WARN_ENUM_CONVERSION = YES;
				CLANG_WARN_INFINITE_RECURSION = YES;
				CLANG_WARN_INT_CONVERSION = YES;
				CLANG_WARN_NON_LITERAL_NULL_CONVERSION = YES;
				CLANG_WARN_OBJC_IMPLICIT_RETAIN_SELF = YES;
				CLANG_WARN_OBJC_LITERAL_CONVERSION = YES;
				CLANG_WARN_OBJC_ROOT_CLASS = YES_ERROR;
				CLANG_WARN_QUOTED_INCLUDE_IN_FRAMEWORK_HEADER = YES;
				CLANG_WARN_RANGE_LOOP_ANALYSIS = YES;
				CLANG_WARN_STRICT_PROTOTYPES = YES;
				CLANG_WARN_SUSPICIOUS_MOVE = YES;
				CLANG_WARN_UNGUARDED_AVAILABILITY = YES_AGGRESSIVE;
				CLANG_WARN_UNREACHABLE_CODE = YES;
				CLANG_WARN__DUPLICATE_METHOD_MATCH = YES;
				COPY_PHASE_STRIP = NO;
				DEBUG_INFORMATION_FORMAT = "dwarf-with-dsym";
				ENABLE_NS_ASSERTIONS = NO;
				ENABLE_STRICT_OBJC_MSGSEND = YES;
				GCC_C_LANGUAGE_STANDARD = gnu11;
				GCC_NO_COMMON_BLOCKS = YES;
				GCC_WARN_64_TO_32_BIT_CONVERSION = YES;
				GCC_WARN_ABOUT_RETURN_TYPE = YES_ERROR;
				GCC_WARN_UNDECLARED_SELECTOR = YES;
				GCC_WARN_UNINITIALIZED_AUTOS = YES_AGGRESSIVE;
				GCC_WARN_UNUSED_FUNCTION = YES;
				GCC_WARN_UNUSED_VARIABLE = YES;
				IPHONEOS_DEPLOYMENT_TARGET = 15.0;
				MTL_ENABLE_DEBUG_INFO = NO;
				MTL_FAST_MATH = YES;
				SDKROOT = iphoneos;
				SWIFT_COMPILATION_MODE = wholemodule;
				SWIFT_OPTIMIZATION_LEVEL = "-O";
				VALIDATE_PRODUCT = YES;
			};
			name = Release;
		};
		E5109E94273B675800CB57D5 /* Debug */ = {
			isa = XCBuildConfiguration;
			buildSettings = {
				ASSETCATALOG_COMPILER_APPICON_NAME = AppIcon;
				ASSETCATALOG_COMPILER_GLOBAL_ACCENT_COLOR_NAME = AccentColor;
				CODE_SIGN_STYLE = Automatic;
				CURRENT_PROJECT_VERSION = 1;
				DEVELOPMENT_TEAM = 295PK9F3AL;
				GENERATE_INFOPLIST_FILE = YES;
				INFOPLIST_FILE = OnTheMap/Info.plist;
				INFOPLIST_KEY_CFBundleDisplayName = OnTheMap;
				INFOPLIST_KEY_UIApplicationSupportsIndirectInputEvents = YES;
				INFOPLIST_KEY_UILaunchStoryboardName = LaunchScreen;
				INFOPLIST_KEY_UIMainStoryboardFile = Main;
				INFOPLIST_KEY_UISupportedInterfaceOrientations_iPad = "UIInterfaceOrientationPortrait UIInterfaceOrientationPortraitUpsideDown UIInterfaceOrientationLandscapeLeft UIInterfaceOrientationLandscapeRight";
				INFOPLIST_KEY_UISupportedInterfaceOrientations_iPhone = "UIInterfaceOrientationPortrait UIInterfaceOrientationLandscapeLeft UIInterfaceOrientationLandscapeRight";
				LD_RUNPATH_SEARCH_PATHS = (
					"$(inherited)",
					"@executable_path/Frameworks",
				);
				MARKETING_VERSION = 1.0;
				PRODUCT_BUNDLE_IDENTIFIER = com.tyhopp.OnTheMap;
				PRODUCT_NAME = "$(TARGET_NAME)";
				SWIFT_EMIT_LOC_STRINGS = YES;
				SWIFT_VERSION = 5.0;
				TARGETED_DEVICE_FAMILY = "1,2";
			};
			name = Debug;
		};
		E5109E95273B675800CB57D5 /* Release */ = {
			isa = XCBuildConfiguration;
			buildSettings = {
				ASSETCATALOG_COMPILER_APPICON_NAME = AppIcon;
				ASSETCATALOG_COMPILER_GLOBAL_ACCENT_COLOR_NAME = AccentColor;
				CODE_SIGN_STYLE = Automatic;
				CURRENT_PROJECT_VERSION = 1;
				DEVELOPMENT_TEAM = 295PK9F3AL;
				GENERATE_INFOPLIST_FILE = YES;
				INFOPLIST_FILE = OnTheMap/Info.plist;
				INFOPLIST_KEY_CFBundleDisplayName = OnTheMap;
				INFOPLIST_KEY_UIApplicationSupportsIndirectInputEvents = YES;
				INFOPLIST_KEY_UILaunchStoryboardName = LaunchScreen;
				INFOPLIST_KEY_UIMainStoryboardFile = Main;
				INFOPLIST_KEY_UISupportedInterfaceOrientations_iPad = "UIInterfaceOrientationPortrait UIInterfaceOrientationPortraitUpsideDown UIInterfaceOrientationLandscapeLeft UIInterfaceOrientationLandscapeRight";
				INFOPLIST_KEY_UISupportedInterfaceOrientations_iPhone = "UIInterfaceOrientationPortrait UIInterfaceOrientationLandscapeLeft UIInterfaceOrientationLandscapeRight";
				LD_RUNPATH_SEARCH_PATHS = (
					"$(inherited)",
					"@executable_path/Frameworks",
				);
				MARKETING_VERSION = 1.0;
				PRODUCT_BUNDLE_IDENTIFIER = com.tyhopp.OnTheMap;
				PRODUCT_NAME = "$(TARGET_NAME)";
				SWIFT_EMIT_LOC_STRINGS = YES;
				SWIFT_VERSION = 5.0;
				TARGETED_DEVICE_FAMILY = "1,2";
			};
			name = Release;
		};
/* End XCBuildConfiguration section */

/* Begin XCConfigurationList section */
		E5109E7A273B675800CB57D5 /* Build configuration list for PBXProject "OnTheMap" */ = {
			isa = XCConfigurationList;
			buildConfigurations = (
				E5109E91273B675800CB57D5 /* Debug */,
				E5109E92273B675800CB57D5 /* Release */,
			);
			defaultConfigurationIsVisible = 0;
			defaultConfigurationName = Release;
		};
		E5109E93273B675800CB57D5 /* Build configuration list for PBXNativeTarget "OnTheMap" */ = {
			isa = XCConfigurationList;
			buildConfigurations = (
				E5109E94273B675800CB57D5 /* Debug */,
				E5109E95273B675800CB57D5 /* Release */,
			);
			defaultConfigurationIsVisible = 0;
			defaultConfigurationName = Release;
		};
/* End XCConfigurationList section */
	};
	rootObject = E5109E77273B675800CB57D5 /* Project object */;
}
